
Microsoft Visual Studio Solution File, Format Version 12.00
# Visual Studio Version 17
VisualStudioVersion = 17.14.36310.24 d17.14
MinimumVisualStudioVersion = 10.0.40219.1
Project("{FAE04EC0-301F-11D3-BF4B-00C04F79EFBC}") = "Guess game1.0", "Guess game1.0\Guess game1.0.csproj", "{4BF41570-DC29-4E58-9CE5-A16CEBC11A05}"
EndProject
Global
	GlobalSection(SolutionConfigurationPlatforms) = preSolution
		Debug|Any CPU = Debug|Any CPU
		Release|Any CPU = Release|Any CPU
	EndGlobalSection
	GlobalSection(ProjectConfigurationPlatforms) = postSolution
		{4BF41570-DC29-4E58-9CE5-A16CEBC11A05}.Debug|Any CPU.ActiveCfg = Debug|Any CPU
		{4BF41570-DC29-4E58-9CE5-A16CEBC11A05}.Debug|Any CPU.Build.0 = Debug|Any CPU
		{4BF41570-DC29-4E58-9CE5-A16CEBC11A05}.Release|Any CPU.ActiveCfg = Release|Any CPU
		{4BF41570-DC29-4E58-9CE5-A16CEBC11A05}.Release|Any CPU.Build.0 = Release|Any CPU
	EndGlobalSection
	GlobalSection(SolutionProperties) = preSolution
		HideSolutionNode = FALSE
	EndGlobalSection
	GlobalSection(ExtensibilityGlobals) = postSolution
		SolutionGuid = {D3607CAA-E329-496A-8A2A-B9402C379CB6}
	EndGlobalSection
EndGlobal
